
Microsoft Visual Studio Solution File, Format Version 12.00
# Visual Studio 2013
VisualStudioVersion = 12.0.31101.0
MinimumVisualStudioVersion = 10.0.40219.1
Project("{FAE04EC0-301F-11D3-BF4B-00C04F79EFBC}") = "Ellipsoidus", "Source\Ellipsoidus.csproj", "{6B694B40-9261-4E39-90B3-0BD128EE15FE}"
EndProject
Project("{2150E333-8FDC-42A3-9474-1A3956D46DE8}") = "root", "root", "{F4C7BCC4-FFA3-4449-900C-0E3CB964064C}"
	ProjectSection(SolutionItems) = preProject
		README.md = README.md
	EndProjectSection
EndProject
Project("{2150E333-8FDC-42A3-9474-1A3956D46DE8}") = "ArcGISRuntime", "ArcGISRuntime", "{34135C73-922C-4C6E-BB21-397297D24A9B}"
	ProjectSection(SolutionItems) = preProject
		ArcGISRuntime\Esri-112x64.png = ArcGISRuntime\Esri-112x64.png
		ArcGISRuntime\Esri-56x32.png = ArcGISRuntime\Esri-56x32.png
		ArcGISRuntime\README.md = ArcGISRuntime\README.md
		ArcGISRuntime\url.txt = ArcGISRuntime\url.txt
	EndProjectSection
EndProject
Project("{2150E333-8FDC-42A3-9474-1A3956D46DE8}") = "SampleData", "SampleData", "{0BD9B18E-CD79-4BB9-9877-A9D05E1D5782}"
	ProjectSection(SolutionItems) = preProject
		SampleData\de-base-line.txt = SampleData\de-base-line.txt
		SampleData\pl-base-line.txt = SampleData\pl-base-line.txt
		SampleData\pl-eez.txt = SampleData\pl-eez.txt
	EndProjectSection
EndProject
Project("{8BC9CEB8-8B4A-11D0-8D11-00A0C91BC942}") = "NETGeographic", "GeographicLib\windows\NETGeographic-vc13.vcxproj", "{BC1ADBEC-537D-487E-AF21-8B7025AAF46D}"
EndProject
Project("{8BC9CEB8-8B4A-11D0-8D11-00A0C91BC942}") = "Geographic", "GeographicLib\windows\Geographic-vc13n.vcxproj", "{4CFBCD6C-956C-42BC-A863-3C60F3ED9CC1}"
EndProject
Global
	GlobalSection(SolutionConfigurationPlatforms) = preSolution
		Debug|Any CPU = Debug|Any CPU
		Debug|Mixed Platforms = Debug|Mixed Platforms
		Debug|Win32 = Debug|Win32
		Debug|x64 = Debug|x64
		Debug|x86 = Debug|x86
		Release|Any CPU = Release|Any CPU
		Release|Mixed Platforms = Release|Mixed Platforms
		Release|Win32 = Release|Win32
		Release|x64 = Release|x64
		Release|x86 = Release|x86
	EndGlobalSection
	GlobalSection(ProjectConfigurationPlatforms) = postSolution
		{6B694B40-9261-4E39-90B3-0BD128EE15FE}.Debug|Any CPU.ActiveCfg = Debug|Any CPU
		{6B694B40-9261-4E39-90B3-0BD128EE15FE}.Debug|Any CPU.Build.0 = Debug|Any CPU
		{6B694B40-9261-4E39-90B3-0BD128EE15FE}.Debug|Mixed Platforms.ActiveCfg = Debug|Any CPU
		{6B694B40-9261-4E39-90B3-0BD128EE15FE}.Debug|Mixed Platforms.Build.0 = Debug|Any CPU
		{6B694B40-9261-4E39-90B3-0BD128EE15FE}.Debug|Win32.ActiveCfg = Debug|Any CPU
		{6B694B40-9261-4E39-90B3-0BD128EE15FE}.Debug|x64.ActiveCfg = Debug|Any CPU
		{6B694B40-9261-4E39-90B3-0BD128EE15FE}.Debug|x86.ActiveCfg = Debug|Any CPU
		{6B694B40-9261-4E39-90B3-0BD128EE15FE}.Release|Any CPU.ActiveCfg = Release|Any CPU
		{6B694B40-9261-4E39-90B3-0BD128EE15FE}.Release|Any CPU.Build.0 = Release|Any CPU
		{6B694B40-9261-4E39-90B3-0BD128EE15FE}.Release|Mixed Platforms.ActiveCfg = Release|Any CPU
		{6B694B40-9261-4E39-90B3-0BD128EE15FE}.Release|Mixed Platforms.Build.0 = Release|Any CPU
		{6B694B40-9261-4E39-90B3-0BD128EE15FE}.Release|Win32.ActiveCfg = Release|x86
		{6B694B40-9261-4E39-90B3-0BD128EE15FE}.Release|Win32.Build.0 = Release|x86
		{6B694B40-9261-4E39-90B3-0BD128EE15FE}.Release|x64.ActiveCfg = Release|x64
		{6B694B40-9261-4E39-90B3-0BD128EE15FE}.Release|x86.ActiveCfg = Release|x86
		{6B694B40-9261-4E39-90B3-0BD128EE15FE}.Release|x86.Build.0 = Release|x86
		{BC1ADBEC-537D-487E-AF21-8B7025AAF46D}.Debug|Any CPU.ActiveCfg = Debug|Win32
		{BC1ADBEC-537D-487E-AF21-8B7025AAF46D}.Debug|Mixed Platforms.ActiveCfg = Debug|Win32
		{BC1ADBEC-537D-487E-AF21-8B7025AAF46D}.Debug|Mixed Platforms.Build.0 = Debug|Win32
		{BC1ADBEC-537D-487E-AF21-8B7025AAF46D}.Debug|Win32.ActiveCfg = Debug|Win32
		{BC1ADBEC-537D-487E-AF21-8B7025AAF46D}.Debug|Win32.Build.0 = Debug|Win32
		{BC1ADBEC-537D-487E-AF21-8B7025AAF46D}.Debug|x64.ActiveCfg = Debug|x64
		{BC1ADBEC-537D-487E-AF21-8B7025AAF46D}.Debug|x64.Build.0 = Debug|x64
		{BC1ADBEC-537D-487E-AF21-8B7025AAF46D}.Debug|x86.ActiveCfg = Debug|Win32
		{BC1ADBEC-537D-487E-AF21-8B7025AAF46D}.Debug|x86.Build.0 = Debug|Win32
		{BC1ADBEC-537D-487E-AF21-8B7025AAF46D}.Release|Any CPU.ActiveCfg = Release|Win32
		{BC1ADBEC-537D-487E-AF21-8B7025AAF46D}.Release|Mixed Platforms.ActiveCfg = Release|Win32
		{BC1ADBEC-537D-487E-AF21-8B7025AAF46D}.Release|Mixed Platforms.Build.0 = Release|Win32
		{BC1ADBEC-537D-487E-AF21-8B7025AAF46D}.Release|Win32.ActiveCfg = Release|Win32
		{BC1ADBEC-537D-487E-AF21-8B7025AAF46D}.Release|Win32.Build.0 = Release|Win32
		{BC1ADBEC-537D-487E-AF21-8B7025AAF46D}.Release|x64.ActiveCfg = Release|x64
		{BC1ADBEC-537D-487E-AF21-8B7025AAF46D}.Release|x64.Build.0 = Release|x64
		{BC1ADBEC-537D-487E-AF21-8B7025AAF46D}.Release|x86.ActiveCfg = Release|Win32
		{BC1ADBEC-537D-487E-AF21-8B7025AAF46D}.Release|x86.Build.0 = Release|Win32
		{4CFBCD6C-956C-42BC-A863-3C60F3ED9CC1}.Debug|Any CPU.ActiveCfg = Debug|Win32
		{4CFBCD6C-956C-42BC-A863-3C60F3ED9CC1}.Debug|Mixed Platforms.ActiveCfg = Debug|Win32
		{4CFBCD6C-956C-42BC-A863-3C60F3ED9CC1}.Debug|Mixed Platforms.Build.0 = Debug|Win32
		{4CFBCD6C-956C-42BC-A863-3C60F3ED9CC1}.Debug|Win32.ActiveCfg = Debug|Win32
		{4CFBCD6C-956C-42BC-A863-3C60F3ED9CC1}.Debug|Win32.Build.0 = Debug|Win32
		{4CFBCD6C-956C-42BC-A863-3C60F3ED9CC1}.Debug|x64.ActiveCfg = Debug|x64
		{4CFBCD6C-956C-42BC-A863-3C60F3ED9CC1}.Debug|x64.Build.0 = Debug|x64
		{4CFBCD6C-956C-42BC-A863-3C60F3ED9CC1}.Debug|x86.ActiveCfg = Debug|Win32
		{4CFBCD6C-956C-42BC-A863-3C60F3ED9CC1}.Debug|x86.Build.0 = Debug|Win32
		{4CFBCD6C-956C-42BC-A863-3C60F3ED9CC1}.Release|Any CPU.ActiveCfg = Release|Win32
		{4CFBCD6C-956C-42BC-A863-3C60F3ED9CC1}.Release|Mixed Platforms.ActiveCfg = Release|Win32
		{4CFBCD6C-956C-42BC-A863-3C60F3ED9CC1}.Release|Mixed Platforms.Build.0 = Release|Win32
		{4CFBCD6C-956C-42BC-A863-3C60F3ED9CC1}.Release|Win32.ActiveCfg = Release|Win32
		{4CFBCD6C-956C-42BC-A863-3C60F3ED9CC1}.Release|Win32.Build.0 = Release|Win32
		{4CFBCD6C-956C-42BC-A863-3C60F3ED9CC1}.Release|x64.ActiveCfg = Release|x64
		{4CFBCD6C-956C-42BC-A863-3C60F3ED9CC1}.Release|x64.Build.0 = Release|x64
		{4CFBCD6C-956C-42BC-A863-3C60F3ED9CC1}.Release|x86.ActiveCfg = Release|Win32
		{4CFBCD6C-956C-42BC-A863-3C60F3ED9CC1}.Release|x86.Build.0 = Release|Win32
	EndGlobalSection
	GlobalSection(SolutionProperties) = preSolution
		HideSolutionNode = FALSE
	EndGlobalSection
	GlobalSection(NestedProjects) = preSolution
		{34135C73-922C-4C6E-BB21-397297D24A9B} = {F4C7BCC4-FFA3-4449-900C-0E3CB964064C}
		{0BD9B18E-CD79-4BB9-9877-A9D05E1D5782} = {F4C7BCC4-FFA3-4449-900C-0E3CB964064C}
	EndGlobalSection
EndGlobal
